// !$*UTF8*$!
{
	archiveVersion = 1;
	classes = {
	};
	objectVersion = 46;
	objects = {

/* Begin PBXBuildFile section */
		04EB567D8CEADF223BEB272A /* Pods_SwiftCheckMathMagic.framework in Frameworks */ = {isa = PBXBuildFile; fileRef = 98BC6E0975E90A8216AAF46F /* Pods_SwiftCheckMathMagic.framework */; };
		48900CAF616DA5F69FE867FB /* Pods_SwiftCheckMathMagicTests.framework in Frameworks */ = {isa = PBXBuildFile; fileRef = 6EFD01ED860CE94B2954EA9E /* Pods_SwiftCheckMathMagicTests.framework */; };
		70A9DB841F39EC0400FFAE2A /* AppDelegate.swift in Sources */ = {isa = PBXBuildFile; fileRef = 70A9DB831F39EC0400FFAE2A /* AppDelegate.swift */; };
		70A9DB861F39EC0400FFAE2A /* ViewController.swift in Sources */ = {isa = PBXBuildFile; fileRef = 70A9DB851F39EC0400FFAE2A /* ViewController.swift */; };
		70A9DB891F39EC0400FFAE2A /* Main.storyboard in Resources */ = {isa = PBXBuildFile; fileRef = 70A9DB871F39EC0400FFAE2A /* Main.storyboard */; };
		70A9DB8B1F39EC0400FFAE2A /* Assets.xcassets in Resources */ = {isa = PBXBuildFile; fileRef = 70A9DB8A1F39EC0400FFAE2A /* Assets.xcassets */; };
		70A9DB8E1F39EC0400FFAE2A /* LaunchScreen.storyboard in Resources */ = {isa = PBXBuildFile; fileRef = 70A9DB8C1F39EC0400FFAE2A /* LaunchScreen.storyboard */; };
		70A9DB991F39EC0400FFAE2A /* SwiftCheckMathMagicTests.swift in Sources */ = {isa = PBXBuildFile; fileRef = 70A9DB981F39EC0400FFAE2A /* SwiftCheckMathMagicTests.swift */; };
		70A9DBA41F39EC0400FFAE2A /* SwiftCheckMathMagicUITests.swift in Sources */ = {isa = PBXBuildFile; fileRef = 70A9DBA31F39EC0400FFAE2A /* SwiftCheckMathMagicUITests.swift */; };
		70A9DBB21F39EFB000FFAE2A /* MathMagic.swift in Sources */ = {isa = PBXBuildFile; fileRef = 70A9DBB11F39EFB000FFAE2A /* MathMagic.swift */; };
		70FC605E1F3A064100FB49DA /* UInt+extension.swift in Sources */ = {isa = PBXBuildFile; fileRef = 70FC605D1F3A064100FB49DA /* UInt+extension.swift */; };
		70FC60601F3A06D500FB49DA /* UInt+extensionTests.swift in Sources */ = {isa = PBXBuildFile; fileRef = 70FC605F1F3A06D500FB49DA /* UInt+extensionTests.swift */; };
		B329B1BD21245E7B99C3EA6D /* Pods_SwiftCheckMathMagicUITests.framework in Frameworks */ = {isa = PBXBuildFile; fileRef = ED6E236FB27FFDD803BAE890 /* Pods_SwiftCheckMathMagicUITests.framework */; };
/* End PBXBuildFile section */

/* Begin PBXContainerItemProxy section */
		70A9DB951F39EC0400FFAE2A /* PBXContainerItemProxy */ = {
			isa = PBXContainerItemProxy;
			containerPortal = 70A9DB781F39EC0400FFAE2A /* Project object */;
			proxyType = 1;
			remoteGlobalIDString = 70A9DB7F1F39EC0400FFAE2A;
			remoteInfo = SwiftCheckMathMagic;
		};
		70A9DBA01F39EC0400FFAE2A /* PBXContainerItemProxy */ = {
			isa = PBXContainerItemProxy;
			containerPortal = 70A9DB781F39EC0400FFAE2A /* Project object */;
			proxyType = 1;
			remoteGlobalIDString = 70A9DB7F1F39EC0400FFAE2A;
			remoteInfo = SwiftCheckMathMagic;
		};
/* End PBXContainerItemProxy section */

/* Begin PBXFileReference section */
		3A493E4C9FBD343D253BADB6 /* Pods-SwiftCheckMathMagicTests.debug.xcconfig */ = {isa = PBXFileReference; includeInIndex = 1; lastKnownFileType = text.xcconfig; name = "Pods-SwiftCheckMathMagicTests.debug.xcconfig"; path = "Pods/Target Support Files/Pods-SwiftCheckMathMagicTests/Pods-SwiftCheckMathMagicTests.debug.xcconfig"; sourceTree = "<group>"; };
		6975E94025E0B4411D99883F /* Pods-SwiftCheckMathMagicUITests.release.xcconfig */ = {isa = PBXFileReference; includeInIndex = 1; lastKnownFileType = text.xcconfig; name = "Pods-SwiftCheckMathMagicUITests.release.xcconfig"; path = "Pods/Target Support Files/Pods-SwiftCheckMathMagicUITests/Pods-SwiftCheckMathMagicUITests.release.xcconfig"; sourceTree = "<group>"; };
		6A9DE1F2370495F365AC259D /* Pods-SwiftCheckMathMagicTests.release.xcconfig */ = {isa = PBXFileReference; includeInIndex = 1; lastKnownFileType = text.xcconfig; name = "Pods-SwiftCheckMathMagicTests.release.xcconfig"; path = "Pods/Target Support Files/Pods-SwiftCheckMathMagicTests/Pods-SwiftCheckMathMagicTests.release.xcconfig"; sourceTree = "<group>"; };
		6EFD01ED860CE94B2954EA9E /* Pods_SwiftCheckMathMagicTests.framework */ = {isa = PBXFileReference; explicitFileType = wrapper.framework; includeInIndex = 0; path = Pods_SwiftCheckMathMagicTests.framework; sourceTree = BUILT_PRODUCTS_DIR; };
		70A9DB801F39EC0400FFAE2A /* SwiftCheckMathMagic.app */ = {isa = PBXFileReference; explicitFileType = wrapper.application; includeInIndex = 0; path = SwiftCheckMathMagic.app; sourceTree = BUILT_PRODUCTS_DIR; };
		70A9DB831F39EC0400FFAE2A /* AppDelegate.swift */ = {isa = PBXFileReference; lastKnownFileType = sourcecode.swift; path = AppDelegate.swift; sourceTree = "<group>"; };
		70A9DB851F39EC0400FFAE2A /* ViewController.swift */ = {isa = PBXFileReference; lastKnownFileType = sourcecode.swift; path = ViewController.swift; sourceTree = "<group>"; };
		70A9DB881F39EC0400FFAE2A /* Base */ = {isa = PBXFileReference; lastKnownFileType = file.storyboard; name = Base; path = Base.lproj/Main.storyboard; sourceTree = "<group>"; };
		70A9DB8A1F39EC0400FFAE2A /* Assets.xcassets */ = {isa = PBXFileReference; lastKnownFileType = folder.assetcatalog; path = Assets.xcassets; sourceTree = "<group>"; };
		70A9DB8D1F39EC0400FFAE2A /* Base */ = {isa = PBXFileReference; lastKnownFileType = file.storyboard; name = Base; path = Base.lproj/LaunchScreen.storyboard; sourceTree = "<group>"; };
		70A9DB8F1F39EC0400FFAE2A /* Info.plist */ = {isa = PBXFileReference; lastKnownFileType = text.plist.xml; path = Info.plist; sourceTree = "<group>"; };
		70A9DB941F39EC0400FFAE2A /* SwiftCheckMathMagicTests.xctest */ = {isa = PBXFileReference; explicitFileType = wrapper.cfbundle; includeInIndex = 0; path = SwiftCheckMathMagicTests.xctest; sourceTree = BUILT_PRODUCTS_DIR; };
		70A9DB981F39EC0400FFAE2A /* SwiftCheckMathMagicTests.swift */ = {isa = PBXFileReference; lastKnownFileType = sourcecode.swift; path = SwiftCheckMathMagicTests.swift; sourceTree = "<group>"; };
		70A9DB9A1F39EC0400FFAE2A /* Info.plist */ = {isa = PBXFileReference; lastKnownFileType = text.plist.xml; path = Info.plist; sourceTree = "<group>"; };
		70A9DB9F1F39EC0400FFAE2A /* SwiftCheckMathMagicUITests.xctest */ = {isa = PBXFileReference; explicitFileType = wrapper.cfbundle; includeInIndex = 0; path = SwiftCheckMathMagicUITests.xctest; sourceTree = BUILT_PRODUCTS_DIR; };
		70A9DBA31F39EC0400FFAE2A /* SwiftCheckMathMagicUITests.swift */ = {isa = PBXFileReference; lastKnownFileType = sourcecode.swift; path = SwiftCheckMathMagicUITests.swift; sourceTree = "<group>"; };
		70A9DBA51F39EC0400FFAE2A /* Info.plist */ = {isa = PBXFileReference; lastKnownFileType = text.plist.xml; path = Info.plist; sourceTree = "<group>"; };
		70A9DBB11F39EFB000FFAE2A /* MathMagic.swift */ = {isa = PBXFileReference; fileEncoding = 4; lastKnownFileType = sourcecode.swift; path = MathMagic.swift; sourceTree = "<group>"; };
		70FC605D1F3A064100FB49DA /* UInt+extension.swift */ = {isa = PBXFileReference; fileEncoding = 4; lastKnownFileType = sourcecode.swift; path = "UInt+extension.swift"; sourceTree = "<group>"; };
		70FC605F1F3A06D500FB49DA /* UInt+extensionTests.swift */ = {isa = PBXFileReference; fileEncoding = 4; lastKnownFileType = sourcecode.swift; path = "UInt+extensionTests.swift"; sourceTree = "<group>"; };
		98BC6E0975E90A8216AAF46F /* Pods_SwiftCheckMathMagic.framework */ = {isa = PBXFileReference; explicitFileType = wrapper.framework; includeInIndex = 0; path = Pods_SwiftCheckMathMagic.framework; sourceTree = BUILT_PRODUCTS_DIR; };
		A8C2E640BF27C4159A9E1E90 /* Pods-SwiftCheckMathMagic.release.xcconfig */ = {isa = PBXFileReference; includeInIndex = 1; lastKnownFileType = text.xcconfig; name = "Pods-SwiftCheckMathMagic.release.xcconfig"; path = "Pods/Target Support Files/Pods-SwiftCheckMathMagic/Pods-SwiftCheckMathMagic.release.xcconfig"; sourceTree = "<group>"; };
		C84F071F2DAF8318BF9C2A0C /* Pods-SwiftCheckMathMagicUITests.debug.xcconfig */ = {isa = PBXFileReference; includeInIndex = 1; lastKnownFileType = text.xcconfig; name = "Pods-SwiftCheckMathMagicUITests.debug.xcconfig"; path = "Pods/Target Support Files/Pods-SwiftCheckMathMagicUITests/Pods-SwiftCheckMathMagicUITests.debug.xcconfig"; sourceTree = "<group>"; };
		ED6E236FB27FFDD803BAE890 /* Pods_SwiftCheckMathMagicUITests.framework */ = {isa = PBXFileReference; explicitFileType = wrapper.framework; includeInIndex = 0; path = Pods_SwiftCheckMathMagicUITests.framework; sourceTree = BUILT_PRODUCTS_DIR; };
		F93F64FDA82EAF43354F202F /* Pods-SwiftCheckMathMagic.debug.xcconfig */ = {isa = PBXFileReference; includeInIndex = 1; lastKnownFileType = text.xcconfig; name = "Pods-SwiftCheckMathMagic.debug.xcconfig"; path = "Pods/Target Support Files/Pods-SwiftCheckMathMagic/Pods-SwiftCheckMathMagic.debug.xcconfig"; sourceTree = "<group>"; };
/* End PBXFileReference section */

/* Begin PBXFrameworksBuildPhase section */
		70A9DB7D1F39EC0400FFAE2A /* Frameworks */ = {
			isa = PBXFrameworksBuildPhase;
			buildActionMask = 2147483647;
			files = (
				04EB567D8CEADF223BEB272A /* Pods_SwiftCheckMathMagic.framework in Frameworks */,
			);
			runOnlyForDeploymentPostprocessing = 0;
		};
		70A9DB911F39EC0400FFAE2A /* Frameworks */ = {
			isa = PBXFrameworksBuildPhase;
			buildActionMask = 2147483647;
			files = (
				48900CAF616DA5F69FE867FB /* Pods_SwiftCheckMathMagicTests.framework in Frameworks */,
			);
			runOnlyForDeploymentPostprocessing = 0;
		};
		70A9DB9C1F39EC0400FFAE2A /* Frameworks */ = {
			isa = PBXFrameworksBuildPhase;
			buildActionMask = 2147483647;
			files = (
				B329B1BD21245E7B99C3EA6D /* Pods_SwiftCheckMathMagicUITests.framework in Frameworks */,
			);
			runOnlyForDeploymentPostprocessing = 0;
		};
/* End PBXFrameworksBuildPhase section */

/* Begin PBXGroup section */
		3C420EC218F830524A1BE085 /* Pods */ = {
			isa = PBXGroup;
			children = (
				F93F64FDA82EAF43354F202F /* Pods-SwiftCheckMathMagic.debug.xcconfig */,
				A8C2E640BF27C4159A9E1E90 /* Pods-SwiftCheckMathMagic.release.xcconfig */,
				3A493E4C9FBD343D253BADB6 /* Pods-SwiftCheckMathMagicTests.debug.xcconfig */,
				6A9DE1F2370495F365AC259D /* Pods-SwiftCheckMathMagicTests.release.xcconfig */,
				C84F071F2DAF8318BF9C2A0C /* Pods-SwiftCheckMathMagicUITests.debug.xcconfig */,
				6975E94025E0B4411D99883F /* Pods-SwiftCheckMathMagicUITests.release.xcconfig */,
			);
			name = Pods;
			sourceTree = "<group>";
		};
		70A9DB771F39EC0400FFAE2A = {
			isa = PBXGroup;
			children = (
				70A9DB821F39EC0400FFAE2A /* SwiftCheckMathMagic */,
				70A9DB971F39EC0400FFAE2A /* SwiftCheckMathMagicTests */,
				70A9DBA21F39EC0400FFAE2A /* SwiftCheckMathMagicUITests */,
				70A9DB811F39EC0400FFAE2A /* Products */,
				3C420EC218F830524A1BE085 /* Pods */,
				A355B9B9230855C929CC65D9 /* Frameworks */,
			);
			sourceTree = "<group>";
		};
		70A9DB811F39EC0400FFAE2A /* Products */ = {
			isa = PBXGroup;
			children = (
				70A9DB801F39EC0400FFAE2A /* SwiftCheckMathMagic.app */,
				70A9DB941F39EC0400FFAE2A /* SwiftCheckMathMagicTests.xctest */,
				70A9DB9F1F39EC0400FFAE2A /* SwiftCheckMathMagicUITests.xctest */,
			);
			name = Products;
			sourceTree = "<group>";
		};
		70A9DB821F39EC0400FFAE2A /* SwiftCheckMathMagic */ = {
			isa = PBXGroup;
			children = (
				70A9DB831F39EC0400FFAE2A /* AppDelegate.swift */,
				70A9DB851F39EC0400FFAE2A /* ViewController.swift */,
				70A9DB871F39EC0400FFAE2A /* Main.storyboard */,
				70A9DB8A1F39EC0400FFAE2A /* Assets.xcassets */,
				70A9DB8C1F39EC0400FFAE2A /* LaunchScreen.storyboard */,
				70A9DB8F1F39EC0400FFAE2A /* Info.plist */,
				70A9DBB11F39EFB000FFAE2A /* MathMagic.swift */,
				70FC605D1F3A064100FB49DA /* UInt+extension.swift */,
			);
			path = SwiftCheckMathMagic;
			sourceTree = "<group>";
		};
		70A9DB971F39EC0400FFAE2A /* SwiftCheckMathMagicTests */ = {
			isa = PBXGroup;
			children = (
				70A9DB981F39EC0400FFAE2A /* SwiftCheckMathMagicTests.swift */,
				70FC605F1F3A06D500FB49DA /* UInt+extensionTests.swift */,
				70A9DB9A1F39EC0400FFAE2A /* Info.plist */,
			);
			path = SwiftCheckMathMagicTests;
			sourceTree = "<group>";
		};
		70A9DBA21F39EC0400FFAE2A /* SwiftCheckMathMagicUITests */ = {
			isa = PBXGroup;
			children = (
				70A9DBA31F39EC0400FFAE2A /* SwiftCheckMathMagicUITests.swift */,
				70A9DBA51F39EC0400FFAE2A /* Info.plist */,
			);
			path = SwiftCheckMathMagicUITests;
			sourceTree = "<group>";
		};
		A355B9B9230855C929CC65D9 /* Frameworks */ = {
			isa = PBXGroup;
			children = (
				98BC6E0975E90A8216AAF46F /* Pods_SwiftCheckMathMagic.framework */,
				6EFD01ED860CE94B2954EA9E /* Pods_SwiftCheckMathMagicTests.framework */,
				ED6E236FB27FFDD803BAE890 /* Pods_SwiftCheckMathMagicUITests.framework */,
			);
			name = Frameworks;
			sourceTree = "<group>";
		};
/* End PBXGroup section */

/* Begin PBXNativeTarget section */
		70A9DB7F1F39EC0400FFAE2A /* SwiftCheckMathMagic */ = {
			isa = PBXNativeTarget;
			buildConfigurationList = 70A9DBA81F39EC0400FFAE2A /* Build configuration list for PBXNativeTarget "SwiftCheckMathMagic" */;
			buildPhases = (
				5687CE43BF25A4D3ACBE4463 /* [CP] Check Pods Manifest.lock */,
				70A9DB7C1F39EC0400FFAE2A /* Sources */,
				70A9DB7D1F39EC0400FFAE2A /* Frameworks */,
				70A9DB7E1F39EC0400FFAE2A /* Resources */,
				2699D62A18AD7369EE19AD6D /* [CP] Embed Pods Frameworks */,
				8D709F51573B94412080C976 /* [CP] Copy Pods Resources */,
			);
			buildRules = (
			);
			dependencies = (
			);
			name = SwiftCheckMathMagic;
			productName = SwiftCheckMathMagic;
			productReference = 70A9DB801F39EC0400FFAE2A /* SwiftCheckMathMagic.app */;
			productType = "com.apple.product-type.application";
		};
		70A9DB931F39EC0400FFAE2A /* SwiftCheckMathMagicTests */ = {
			isa = PBXNativeTarget;
			buildConfigurationList = 70A9DBAB1F39EC0400FFAE2A /* Build configuration list for PBXNativeTarget "SwiftCheckMathMagicTests" */;
			buildPhases = (
				18216EC935AC8D64A6699077 /* [CP] Check Pods Manifest.lock */,
				70A9DB901F39EC0400FFAE2A /* Sources */,
				70A9DB911F39EC0400FFAE2A /* Frameworks */,
				70A9DB921F39EC0400FFAE2A /* Resources */,
				78945CD269E30FDE7F96777E /* [CP] Embed Pods Frameworks */,
				802EC80DD0F26BBD55596054 /* [CP] Copy Pods Resources */,
			);
			buildRules = (
			);
			dependencies = (
				70A9DB961F39EC0400FFAE2A /* PBXTargetDependency */,
			);
			name = SwiftCheckMathMagicTests;
			productName = SwiftCheckMathMagicTests;
			productReference = 70A9DB941F39EC0400FFAE2A /* SwiftCheckMathMagicTests.xctest */;
			productType = "com.apple.product-type.bundle.unit-test";
		};
		70A9DB9E1F39EC0400FFAE2A /* SwiftCheckMathMagicUITests */ = {
			isa = PBXNativeTarget;
			buildConfigurationList = 70A9DBAE1F39EC0400FFAE2A /* Build configuration list for PBXNativeTarget "SwiftCheckMathMagicUITests" */;
			buildPhases = (
				8822ED562684E00B8C016957 /* [CP] Check Pods Manifest.lock */,
				70A9DB9B1F39EC0400FFAE2A /* Sources */,
				70A9DB9C1F39EC0400FFAE2A /* Frameworks */,
				70A9DB9D1F39EC0400FFAE2A /* Resources */,
				17E4F5B570870DD09F15AFAE /* [CP] Embed Pods Frameworks */,
				AEAC3B2DF48F3B05FD5D75CB /* [CP] Copy Pods Resources */,
			);
			buildRules = (
			);
			dependencies = (
				70A9DBA11F39EC0400FFAE2A /* PBXTargetDependency */,
			);
			name = SwiftCheckMathMagicUITests;
			productName = SwiftCheckMathMagicUITests;
			productReference = 70A9DB9F1F39EC0400FFAE2A /* SwiftCheckMathMagicUITests.xctest */;
			productType = "com.apple.product-type.bundle.ui-testing";
		};
/* End PBXNativeTarget section */

/* Begin PBXProject section */
		70A9DB781F39EC0400FFAE2A /* Project object */ = {
			isa = PBXProject;
			attributes = {
				LastSwiftUpdateCheck = 0830;
				LastUpgradeCheck = 0830;
				ORGANIZATIONNAME = Yusuke;
				TargetAttributes = {
					70A9DB7F1F39EC0400FFAE2A = {
						CreatedOnToolsVersion = 8.3.3;
						DevelopmentTeam = P437HSA6PY;
						ProvisioningStyle = Automatic;
					};
					70A9DB931F39EC0400FFAE2A = {
						CreatedOnToolsVersion = 8.3.3;
						DevelopmentTeam = P437HSA6PY;
						ProvisioningStyle = Automatic;
						TestTargetID = 70A9DB7F1F39EC0400FFAE2A;
					};
					70A9DB9E1F39EC0400FFAE2A = {
						CreatedOnToolsVersion = 8.3.3;
						DevelopmentTeam = P437HSA6PY;
						ProvisioningStyle = Automatic;
						TestTargetID = 70A9DB7F1F39EC0400FFAE2A;
					};
				};
			};
			buildConfigurationList = 70A9DB7B1F39EC0400FFAE2A /* Build configuration list for PBXProject "SwiftCheckMathMagic" */;
			compatibilityVersion = "Xcode 3.2";
			developmentRegion = English;
			hasScannedForEncodings = 0;
			knownRegions = (
				en,
				Base,
			);
			mainGroup = 70A9DB771F39EC0400FFAE2A;
			productRefGroup = 70A9DB811F39EC0400FFAE2A /* Products */;
			projectDirPath = "";
			projectRoot = "";
			targets = (
				70A9DB7F1F39EC0400FFAE2A /* SwiftCheckMathMagic */,
				70A9DB931F39EC0400FFAE2A /* SwiftCheckMathMagicTests */,
				70A9DB9E1F39EC0400FFAE2A /* SwiftCheckMathMagicUITests */,
			);
		};
/* End PBXProject section */

/* Begin PBXResourcesBuildPhase section */
		70A9DB7E1F39EC0400FFAE2A /* Resources */ = {
			isa = PBXResourcesBuildPhase;
			buildActionMask = 2147483647;
			files = (
				70A9DB8E1F39EC0400FFAE2A /* LaunchScreen.storyboard in Resources */,
				70A9DB8B1F39EC0400FFAE2A /* Assets.xcassets in Resources */,
				70A9DB891F39EC0400FFAE2A /* Main.storyboard in Resources */,
			);
			runOnlyForDeploymentPostprocessing = 0;
		};
		70A9DB921F39EC0400FFAE2A /* Resources */ = {
			isa = PBXResourcesBuildPhase;
			buildActionMask = 2147483647;
			files = (
			);
			runOnlyForDeploymentPostprocessing = 0;
		};
		70A9DB9D1F39EC0400FFAE2A /* Resources */ = {
			isa = PBXResourcesBuildPhase;
			buildActionMask = 2147483647;
			files = (
			);
			runOnlyForDeploymentPostprocessing = 0;
		};
/* End PBXResourcesBuildPhase section */

/* Begin PBXShellScriptBuildPhase section */
		17E4F5B570870DD09F15AFAE /* [CP] Embed Pods Frameworks */ = {
			isa = PBXShellScriptBuildPhase;
			buildActionMask = 2147483647;
			files = (
			);
			inputPaths = (
			);
			name = "[CP] Embed Pods Frameworks";
			outputPaths = (
			);
			runOnlyForDeploymentPostprocessing = 0;
			shellPath = /bin/sh;
			shellScript = "\"${SRCROOT}/Pods/Target Support Files/Pods-SwiftCheckMathMagicUITests/Pods-SwiftCheckMathMagicUITests-frameworks.sh\"\n";
			showEnvVarsInLog = 0;
		};
		18216EC935AC8D64A6699077 /* [CP] Check Pods Manifest.lock */ = {
			isa = PBXShellScriptBuildPhase;
			buildActionMask = 2147483647;
			files = (
			);
			inputPaths = (
				"${PODS_PODFILE_DIR_PATH}/Podfile.lock",
				"${PODS_ROOT}/Manifest.lock",
			);
			name = "[CP] Check Pods Manifest.lock";
			outputPaths = (
				"$(DERIVED_FILE_DIR)/Pods-SwiftCheckMathMagicTests-checkManifestLockResult.txt",
			);
			runOnlyForDeploymentPostprocessing = 0;
			shellPath = /bin/sh;
			shellScript = "diff \"${PODS_PODFILE_DIR_PATH}/Podfile.lock\" \"${PODS_ROOT}/Manifest.lock\" > /dev/null\nif [ $? != 0 ] ; then\n    # print error to STDERR\n    echo \"error: The sandbox is not in sync with the Podfile.lock. Run 'pod install' or update your CocoaPods installation.\" >&2\n    exit 1\nfi\n# This output is used by Xcode 'outputs' to avoid re-running this script phase.\necho \"SUCCESS\" > \"${SCRIPT_OUTPUT_FILE_0}\"\n";
			showEnvVarsInLog = 0;
		};
		2699D62A18AD7369EE19AD6D /* [CP] Embed Pods Frameworks */ = {
			isa = PBXShellScriptBuildPhase;
			buildActionMask = 2147483647;
			files = (
			);
			inputPaths = (
			);
			name = "[CP] Embed Pods Frameworks";
			outputPaths = (
			);
			runOnlyForDeploymentPostprocessing = 0;
			shellPath = /bin/sh;
			shellScript = "\"${SRCROOT}/Pods/Target Support Files/Pods-SwiftCheckMathMagic/Pods-SwiftCheckMathMagic-frameworks.sh\"\n";
			showEnvVarsInLog = 0;
		};
		5687CE43BF25A4D3ACBE4463 /* [CP] Check Pods Manifest.lock */ = {
			isa = PBXShellScriptBuildPhase;
			buildActionMask = 2147483647;
			files = (
			);
			inputPaths = (
				"${PODS_PODFILE_DIR_PATH}/Podfile.lock",
				"${PODS_ROOT}/Manifest.lock",
			);
			name = "[CP] Check Pods Manifest.lock";
			outputPaths = (
				"$(DERIVED_FILE_DIR)/Pods-SwiftCheckMathMagic-checkManifestLockResult.txt",
			);
			runOnlyForDeploymentPostprocessing = 0;
			shellPath = /bin/sh;
			shellScript = "diff \"${PODS_PODFILE_DIR_PATH}/Podfile.lock\" \"${PODS_ROOT}/Manifest.lock\" > /dev/null\nif [ $? != 0 ] ; then\n    # print error to STDERR\n    echo \"error: The sandbox is not in sync with the Podfile.lock. Run 'pod install' or update your CocoaPods installation.\" >&2\n    exit 1\nfi\n# This output is used by Xcode 'outputs' to avoid re-running this script phase.\necho \"SUCCESS\" > \"${SCRIPT_OUTPUT_FILE_0}\"\n";
			showEnvVarsInLog = 0;
		};
		78945CD269E30FDE7F96777E /* [CP] Embed Pods Frameworks */ = {
			isa = PBXShellScriptBuildPhase;
			buildActionMask = 2147483647;
			files = (
			);
			inputPaths = (
				"${SRCROOT}/Pods/Target Support Files/Pods-SwiftCheckMathMagicTests/Pods-SwiftCheckMathMagicTests-frameworks.sh",
				"${BUILT_PRODUCTS_DIR}/SwiftCheck/SwiftCheck.framework",
			);
			name = "[CP] Embed Pods Frameworks";
			outputPaths = (
				"${TARGET_BUILD_DIR}/${FRAMEWORKS_FOLDER_PATH}/SwiftCheck.framework",
			);
			runOnlyForDeploymentPostprocessing = 0;
			shellPath = /bin/sh;
			shellScript = "\"${SRCROOT}/Pods/Target Support Files/Pods-SwiftCheckMathMagicTests/Pods-SwiftCheckMathMagicTests-frameworks.sh\"\n";
			showEnvVarsInLog = 0;
		};
		802EC80DD0F26BBD55596054 /* [CP] Copy Pods Resources */ = {
			isa = PBXShellScriptBuildPhase;
			buildActionMask = 2147483647;
			files = (
			);
			inputPaths = (
			);
			name = "[CP] Copy Pods Resources";
			outputPaths = (
			);
			runOnlyForDeploymentPostprocessing = 0;
			shellPath = /bin/sh;
			shellScript = "\"${SRCROOT}/Pods/Target Support Files/Pods-SwiftCheckMathMagicTests/Pods-SwiftCheckMathMagicTests-resources.sh\"\n";
			showEnvVarsInLog = 0;
		};
		8822ED562684E00B8C016957 /* [CP] Check Pods Manifest.lock */ = {
			isa = PBXShellScriptBuildPhase;
			buildActionMask = 2147483647;
			files = (
			);
			inputPaths = (
				"${PODS_PODFILE_DIR_PATH}/Podfile.lock",
				"${PODS_ROOT}/Manifest.lock",
			);
			name = "[CP] Check Pods Manifest.lock";
			outputPaths = (
				"$(DERIVED_FILE_DIR)/Pods-SwiftCheckMathMagicUITests-checkManifestLockResult.txt",
			);
			runOnlyForDeploymentPostprocessing = 0;
			shellPath = /bin/sh;
			shellScript = "diff \"${PODS_PODFILE_DIR_PATH}/Podfile.lock\" \"${PODS_ROOT}/Manifest.lock\" > /dev/null\nif [ $? != 0 ] ; then\n    # print error to STDERR\n    echo \"error: The sandbox is not in sync with the Podfile.lock. Run 'pod install' or update your CocoaPods installation.\" >&2\n    exit 1\nfi\n# This output is used by Xcode 'outputs' to avoid re-running this script phase.\necho \"SUCCESS\" > \"${SCRIPT_OUTPUT_FILE_0}\"\n";
			showEnvVarsInLog = 0;
		};
		8D709F51573B94412080C976 /* [CP] Copy Pods Resources */ = {
			isa = PBXShellScriptBuildPhase;
			buildActionMask = 2147483647;
			files = (
			);
			inputPaths = (
			);
			name = "[CP] Copy Pods Resources";
			outputPaths = (
			);
			runOnlyForDeploymentPostprocessing = 0;
			shellPath = /bin/sh;
			shellScript = "\"${SRCROOT}/Pods/Target Support Files/Pods-SwiftCheckMathMagic/Pods-SwiftCheckMathMagic-resources.sh\"\n";
			showEnvVarsInLog = 0;
		};
		AEAC3B2DF48F3B05FD5D75CB /* [CP] Copy Pods Resources */ = {
			isa = PBXShellScriptBuildPhase;
			buildActionMask = 2147483647;
			files = (
			);
			inputPaths = (
			);
			name = "[CP] Copy Pods Resources";
			outputPaths = (
			);
			runOnlyForDeploymentPostprocessing = 0;
			shellPath = /bin/sh;
			shellScript = "\"${SRCROOT}/Pods/Target Support Files/Pods-SwiftCheckMathMagicUITests/Pods-SwiftCheckMathMagicUITests-resources.sh\"\n";
			showEnvVarsInLog = 0;
		};
/* End PBXShellScriptBuildPhase section */

/* Begin PBXSourcesBuildPhase section */
		70A9DB7C1F39EC0400FFAE2A /* Sources */ = {
			isa = PBXSourcesBuildPhase;
			buildActionMask = 2147483647;
			files = (
				70A9DBB21F39EFB000FFAE2A /* MathMagic.swift in Sources */,
				70FC605E1F3A064100FB49DA /* UInt+extension.swift in Sources */,
				70A9DB861F39EC0400FFAE2A /* ViewController.swift in Sources */,
				70A9DB841F39EC0400FFAE2A /* AppDelegate.swift in Sources */,
			);
			runOnlyForDeploymentPostprocessing = 0;
		};
		70A9DB901F39EC0400FFAE2A /* Sources */ = {
			isa = PBXSourcesBuildPhase;
			buildActionMask = 2147483647;
			files = (
				70A9DB991F39EC0400FFAE2A /* SwiftCheckMathMagicTests.swift in Sources */,
				70FC60601F3A06D500FB49DA /* UInt+extensionTests.swift in Sources */,
			);
			runOnlyForDeploymentPostprocessing = 0;
		};
		70A9DB9B1F39EC0400FFAE2A /* Sources */ = {
			isa = PBXSourcesBuildPhase;
			buildActionMask = 2147483647;
			files = (
				70A9DBA41F39EC0400FFAE2A /* SwiftCheckMathMagicUITests.swift in Sources */,
			);
			runOnlyForDeploymentPostprocessing = 0;
		};
/* End PBXSourcesBuildPhase section */

/* Begin PBXTargetDependency section */
		70A9DB961F39EC0400FFAE2A /* PBXTargetDependency */ = {
			isa = PBXTargetDependency;
			target = 70A9DB7F1F39EC0400FFAE2A /* SwiftCheckMathMagic */;
			targetProxy = 70A9DB951F39EC0400FFAE2A /* PBXContainerItemProxy */;
		};
		70A9DBA11F39EC0400FFAE2A /* PBXTargetDependency */ = {
			isa = PBXTargetDependency;
			target = 70A9DB7F1F39EC0400FFAE2A /* SwiftCheckMathMagic */;
			targetProxy = 70A9DBA01F39EC0400FFAE2A /* PBXContainerItemProxy */;
		};
/* End PBXTargetDependency section */

/* Begin PBXVariantGroup section */
		70A9DB871F39EC0400FFAE2A /* Main.storyboard */ = {
			isa = PBXVariantGroup;
			children = (
				70A9DB881F39EC0400FFAE2A /* Base */,
			);
			name = Main.storyboard;
			sourceTree = "<group>";
		};
		70A9DB8C1F39EC0400FFAE2A /* LaunchScreen.storyboard */ = {
			isa = PBXVariantGroup;
			children = (
				70A9DB8D1F39EC0400FFAE2A /* Base */,
			);
			name = LaunchScreen.storyboard;
			sourceTree = "<group>";
		};
/* End PBXVariantGroup section */

/* Begin XCBuildConfiguration section */
		70A9DBA61F39EC0400FFAE2A /* Debug */ = {
			isa = XCBuildConfiguration;
			buildSettings = {
				ALWAYS_SEARCH_USER_PATHS = NO;
				CLANG_ANALYZER_NONNULL = YES;
				CLANG_ANALYZER_NUMBER_OBJECT_CONVERSION = YES_AGGRESSIVE;
				CLANG_CXX_LANGUAGE_STANDARD = "gnu++0x";
				CLANG_CXX_LIBRARY = "libc++";
				CLANG_ENABLE_MODULES = YES;
				CLANG_ENABLE_OBJC_ARC = YES;
				CLANG_WARN_BOOL_CONVERSION = YES;
				CLANG_WARN_CONSTANT_CONVERSION = YES;
				CLANG_WARN_DIRECT_OBJC_ISA_USAGE = YES_ERROR;
				CLANG_WARN_DOCUMENTATION_COMMENTS = YES;
				CLANG_WARN_EMPTY_BODY = YES;
				CLANG_WARN_ENUM_CONVERSION = YES;
				CLANG_WARN_INFINITE_RECURSION = YES;
				CLANG_WARN_INT_CONVERSION = YES;
				CLANG_WARN_OBJC_ROOT_CLASS = YES_ERROR;
				CLANG_WARN_SUSPICIOUS_MOVE = YES;
				CLANG_WARN_UNREACHABLE_CODE = YES;
				CLANG_WARN__DUPLICATE_METHOD_MATCH = YES;
				"CODE_SIGN_IDENTITY[sdk=iphoneos*]" = "iPhone Developer";
				COPY_PHASE_STRIP = NO;
				DEBUG_INFORMATION_FORMAT = dwarf;
				ENABLE_STRICT_OBJC_MSGSEND = YES;
				ENABLE_TESTABILITY = YES;
				GCC_C_LANGUAGE_STANDARD = gnu99;
				GCC_DYNAMIC_NO_PIC = NO;
				GCC_NO_COMMON_BLOCKS = YES;
				GCC_OPTIMIZATION_LEVEL = 0;
				GCC_PREPROCESSOR_DEFINITIONS = (
					"DEBUG=1",
					"$(inherited)",
				);
				GCC_WARN_64_TO_32_BIT_CONVERSION = YES;
				GCC_WARN_ABOUT_RETURN_TYPE = YES_ERROR;
				GCC_WARN_UNDECLARED_SELECTOR = YES;
				GCC_WARN_UNINITIALIZED_AUTOS = YES_AGGRESSIVE;
				GCC_WARN_UNUSED_FUNCTION = YES;
				GCC_WARN_UNUSED_VARIABLE = YES;
				IPHONEOS_DEPLOYMENT_TARGET = 10.3;
				MTL_ENABLE_DEBUG_INFO = YES;
				ONLY_ACTIVE_ARCH = YES;
				SDKROOT = iphoneos;
				SWIFT_ACTIVE_COMPILATION_CONDITIONS = DEBUG;
				SWIFT_OPTIMIZATION_LEVEL = "-Onone";
			};
			name = Debug;
		};
		70A9DBA71F39EC0400FFAE2A /* Release */ = {
			isa = XCBuildConfiguration;
			buildSettings = {
				ALWAYS_SEARCH_USER_PATHS = NO;
				CLANG_ANALYZER_NONNULL = YES;
				CLANG_ANALYZER_NUMBER_OBJECT_CONVERSION = YES_AGGRESSIVE;
				CLANG_CXX_LANGUAGE_STANDARD = "gnu++0x";
				CLANG_CXX_LIBRARY = "libc++";
				CLANG_ENABLE_MODULES = YES;
				CLANG_ENABLE_OBJC_ARC = YES;
				CLANG_WARN_BOOL_CONVERSION = YES;
				CLANG_WARN_CONSTANT_CONVERSION = YES;
				CLANG_WARN_DIRECT_OBJC_ISA_USAGE = YES_ERROR;
				CLANG_WARN_DOCUMENTATION_COMMENTS = YES;
				CLANG_WARN_EMPTY_BODY = YES;
				CLANG_WARN_ENUM_CONVERSION = YES;
				CLANG_WARN_INFINITE_RECURSION = YES;
				CLANG_WARN_INT_CONVERSION = YES;
				CLANG_WARN_OBJC_ROOT_CLASS = YES_ERROR;
				CLANG_WARN_SUSPICIOUS_MOVE = YES;
				CLANG_WARN_UNREACHABLE_CODE = YES;
				CLANG_WARN__DUPLICATE_METHOD_MATCH = YES;
				"CODE_SIGN_IDENTITY[sdk=iphoneos*]" = "iPhone Developer";
				COPY_PHASE_STRIP = NO;
				DEBUG_INFORMATION_FORMAT = "dwarf-with-dsym";
				ENABLE_NS_ASSERTIONS = NO;
				ENABLE_STRICT_OBJC_MSGSEND = YES;
				GCC_C_LANGUAGE_STANDARD = gnu99;
				GCC_NO_COMMON_BLOCKS = YES;
				GCC_WARN_64_TO_32_BIT_CONVERSION = YES;
				GCC_WARN_ABOUT_RETURN_TYPE = YES_ERROR;
				GCC_WARN_UNDECLARED_SELECTOR = YES;
				GCC_WARN_UNINITIALIZED_AUTOS = YES_AGGRESSIVE;
				GCC_WARN_UNUSED_FUNCTION = YES;
				GCC_WARN_UNUSED_VARIABLE = YES;
				IPHONEOS_DEPLOYMENT_TARGET = 10.3;
				MTL_ENABLE_DEBUG_INFO = NO;
				SDKROOT = iphoneos;
				SWIFT_OPTIMIZATION_LEVEL = "-Owholemodule";
				VALIDATE_PRODUCT = YES;
			};
			name = Release;
		};
		70A9DBA91F39EC0400FFAE2A /* Debug */ = {
			isa = XCBuildConfiguration;
			baseConfigurationReference = F93F64FDA82EAF43354F202F /* Pods-SwiftCheckMathMagic.debug.xcconfig */;
			buildSettings = {
				ASSETCATALOG_COMPILER_APPICON_NAME = AppIcon;
				DEVELOPMENT_TEAM = P437HSA6PY;
				INFOPLIST_FILE = SwiftCheckMathMagic/Info.plist;
				LD_RUNPATH_SEARCH_PATHS = "$(inherited) @executable_path/Frameworks";
				PRODUCT_BUNDLE_IDENTIFIER = edu.self.SwiftCheckMathMagic;
				PRODUCT_NAME = "$(TARGET_NAME)";
				SWIFT_VERSION = 3.0;
			};
			name = Debug;
		};
		70A9DBAA1F39EC0400FFAE2A /* Release */ = {
			isa = XCBuildConfiguration;
			baseConfigurationReference = A8C2E640BF27C4159A9E1E90 /* Pods-SwiftCheckMathMagic.release.xcconfig */;
			buildSettings = {
				ASSETCATALOG_COMPILER_APPICON_NAME = AppIcon;
				DEVELOPMENT_TEAM = P437HSA6PY;
				INFOPLIST_FILE = SwiftCheckMathMagic/Info.plist;
				LD_RUNPATH_SEARCH_PATHS = "$(inherited) @executable_path/Frameworks";
				PRODUCT_BUNDLE_IDENTIFIER = edu.self.SwiftCheckMathMagic;
				PRODUCT_NAME = "$(TARGET_NAME)";
				SWIFT_VERSION = 3.0;
			};
			name = Release;
		};
		70A9DBAC1F39EC0400FFAE2A /* Debug */ = {
			isa = XCBuildConfiguration;
			baseConfigurationReference = 3A493E4C9FBD343D253BADB6 /* Pods-SwiftCheckMathMagicTests.debug.xcconfig */;
			buildSettings = {
				ALWAYS_EMBED_SWIFT_STANDARD_LIBRARIES = YES;
				BUNDLE_LOADER = "$(TEST_HOST)";
				DEVELOPMENT_TEAM = P437HSA6PY;
				INFOPLIST_FILE = SwiftCheckMathMagicTests/Info.plist;
				LD_RUNPATH_SEARCH_PATHS = "$(inherited) @executable_path/Frameworks @loader_path/Frameworks";
				PRODUCT_BUNDLE_IDENTIFIER = edu.self.SwiftCheckMathMagicTests;
				PRODUCT_NAME = "$(TARGET_NAME)";
				SWIFT_VERSION = 3.0;
				TEST_HOST = "$(BUILT_PRODUCTS_DIR)/SwiftCheckMathMagic.app/SwiftCheckMathMagic";
			};
			name = Debug;
		};
		70A9DBAD1F39EC0400FFAE2A /* Release */ = {
			isa = XCBuildConfiguration;
			baseConfigurationReference = 6A9DE1F2370495F365AC259D /* Pods-SwiftCheckMathMagicTests.release.xcconfig */;
			buildSettings = {
				ALWAYS_EMBED_SWIFT_STANDARD_LIBRARIES = YES;
				BUNDLE_LOADER = "$(TEST_HOST)";
				DEVELOPMENT_TEAM = P437HSA6PY;
				INFOPLIST_FILE = SwiftCheckMathMagicTests/Info.plist;
				LD_RUNPATH_SEARCH_PATHS = "$(inherited) @executable_path/Frameworks @loader_path/Frameworks";
				PRODUCT_BUNDLE_IDENTIFIER = edu.self.SwiftCheckMathMagicTests;
				PRODUCT_NAME = "$(TARGET_NAME)";
				SWIFT_VERSION = 3.0;
				TEST_HOST = "$(BUILT_PRODUCTS_DIR)/SwiftCheckMathMagic.app/SwiftCheckMathMagic";
			};
			name = Release;
		};
		70A9DBAF1F39EC0400FFAE2A /* Debug */ = {
			isa = XCBuildConfiguration;
			baseConfigurationReference = C84F071F2DAF8318BF9C2A0C /* Pods-SwiftCheckMathMagicUITests.debug.xcconfig */;
			buildSettings = {
				ALWAYS_EMBED_SWIFT_STANDARD_LIBRARIES = YES;
				DEVELOPMENT_TEAM = P437HSA6PY;
				INFOPLIST_FILE = SwiftCheckMathMagicUITests/Info.plist;
				LD_RUNPATH_SEARCH_PATHS = "$(inherited) @executable_path/Frameworks @loader_path/Frameworks";
				PRODUCT_BUNDLE_IDENTIFIER = edu.self.SwiftCheckMathMagicUITests;
				PRODUCT_NAME = "$(TARGET_NAME)";
				SWIFT_VERSION = 3.0;
				TEST_TARGET_NAME = SwiftCheckMathMagic;
			};
			name = Debug;
		};
		70A9DBB01F39EC0400FFAE2A /* Release */ = {
			isa = XCBuildConfiguration;
			baseConfigurationReference = 6975E94025E0B4411D99883F /* Pods-SwiftCheckMathMagicUITests.release.xcconfig */;
			buildSettings = {
				ALWAYS_EMBED_SWIFT_STANDARD_LIBRARIES = YES;
				DEVELOPMENT_TEAM = P437HSA6PY;
				INFOPLIST_FILE = SwiftCheckMathMagicUITests/Info.plist;
				LD_RUNPATH_SEARCH_PATHS = "$(inherited) @executable_path/Frameworks @loader_path/Frameworks";
				PRODUCT_BUNDLE_IDENTIFIER = edu.self.SwiftCheckMathMagicUITests;
				PRODUCT_NAME = "$(TARGET_NAME)";
				SWIFT_VERSION = 3.0;
				TEST_TARGET_NAME = SwiftCheckMathMagic;
			};
			name = Release;
		};
/* End XCBuildConfiguration section */

/* Begin XCConfigurationList section */
		70A9DB7B1F39EC0400FFAE2A /* Build configuration list for PBXProject "SwiftCheckMathMagic" */ = {
			isa = XCConfigurationList;
			buildConfigurations = (
				70A9DBA61F39EC0400FFAE2A /* Debug */,
				70A9DBA71F39EC0400FFAE2A /* Release */,
			);
			defaultConfigurationIsVisible = 0;
			defaultConfigurationName = Release;
		};
		70A9DBA81F39EC0400FFAE2A /* Build configuration list for PBXNativeTarget "SwiftCheckMathMagic" */ = {
			isa = XCConfigurationList;
			buildConfigurations = (
				70A9DBA91F39EC0400FFAE2A /* Debug */,
				70A9DBAA1F39EC0400FFAE2A /* Release */,
			);
			defaultConfigurationIsVisible = 0;
			defaultConfigurationName = Release;
		};
		70A9DBAB1F39EC0400FFAE2A /* Build configuration list for PBXNativeTarget "SwiftCheckMathMagicTests" */ = {
			isa = XCConfigurationList;
			buildConfigurations = (
				70A9DBAC1F39EC0400FFAE2A /* Debug */,
				70A9DBAD1F39EC0400FFAE2A /* Release */,
			);
			defaultConfigurationIsVisible = 0;
			defaultConfigurationName = Release;
		};
		70A9DBAE1F39EC0400FFAE2A /* Build configuration list for PBXNativeTarget "SwiftCheckMathMagicUITests" */ = {
			isa = XCConfigurationList;
			buildConfigurations = (
				70A9DBAF1F39EC0400FFAE2A /* Debug */,
				70A9DBB01F39EC0400FFAE2A /* Release */,
			);
			defaultConfigurationIsVisible = 0;
			defaultConfigurationName = Release;
		};
/* End XCConfigurationList section */
	};
	rootObject = 70A9DB781F39EC0400FFAE2A /* Project object */;
}
